// !$*UTF8*$!
{
	archiveVersion = 1;
	classes = {
	};
	objectVersion = 56;
	objects = {

/* Begin PBXBuildFile section */
		2912D9042C9607DE006AFC55 /* AIRUNAPPApp.swift in Sources */ = {isa = PBXBuildFile; fileRef = 2912D9032C9607DE006AFC55 /* AIRUNAPPApp.swift */; };
		2912D9062C9607DE006AFC55 /* ContentView.swift in Sources */ = {isa = PBXBuildFile; fileRef = 2912D9052C9607DE006AFC55 /* ContentView.swift */; };
		2912D9082C9607DF006AFC55 /* Assets.xcassets in Resources */ = {isa = PBXBuildFile; fileRef = 2912D9072C9607DF006AFC55 /* Assets.xcassets */; };
		2912D90B2C9607DF006AFC55 /* Preview Assets.xcassets in Resources */ = {isa = PBXBuildFile; fileRef = 2912D90A2C9607DF006AFC55 /* Preview Assets.xcassets */; };
		2912D9152C9607DF006AFC55 /* AIRUNAPPTests.swift in Sources */ = {isa = PBXBuildFile; fileRef = 2912D9142C9607DF006AFC55 /* AIRUNAPPTests.swift */; };
		2912D91F2C9607DF006AFC55 /* AIRUNAPPUITests.swift in Sources */ = {isa = PBXBuildFile; fileRef = 2912D91E2C9607DF006AFC55 /* AIRUNAPPUITests.swift */; };
		2912D9212C9607DF006AFC55 /* AIRUNAPPUITestsLaunchTests.swift in Sources */ = {isa = PBXBuildFile; fileRef = 2912D9202C9607DF006AFC55 /* AIRUNAPPUITestsLaunchTests.swift */; };
/* End PBXBuildFile section */

/* Begin PBXContainerItemProxy section */
		2912D9112C9607DF006AFC55 /* PBXContainerItemProxy */ = {
			isa = PBXContainerItemProxy;
			containerPortal = 2912D8F82C9607DE006AFC55 /* Project object */;
			proxyType = 1;
			remoteGlobalIDString = 2912D8FF2C9607DE006AFC55;
			remoteInfo = AIRUNAPP;
		};
		2912D91B2C9607DF006AFC55 /* PBXContainerItemProxy */ = {
			isa = PBXContainerItemProxy;
			containerPortal = 2912D8F82C9607DE006AFC55 /* Project object */;
			proxyType = 1;
			remoteGlobalIDString = 2912D8FF2C9607DE006AFC55;
			remoteInfo = AIRUNAPP;
		};
/* End PBXContainerItemProxy section */

/* Begin PBXFileReference section */
		2912D9002C9607DE006AFC55 /* AIRUNAPP.app */ = {isa = PBXFileReference; explicitFileType = wrapper.application; includeInIndex = 0; path = AIRUNAPP.app; sourceTree = BUILT_PRODUCTS_DIR; };
		2912D9032C9607DE006AFC55 /* AIRUNAPPApp.swift */ = {isa = PBXFileReference; lastKnownFileType = sourcecode.swift; path = AIRUNAPPApp.swift; sourceTree = "<group>"; };
		2912D9052C9607DE006AFC55 /* ContentView.swift */ = {isa = PBXFileReference; lastKnownFileType = sourcecode.swift; path = ContentView.swift; sourceTree = "<group>"; };
		2912D9072C9607DF006AFC55 /* Assets.xcassets */ = {isa = PBXFileReference; lastKnownFileType = folder.assetcatalog; path = Assets.xcassets; sourceTree = "<group>"; };
		2912D90A2C9607DF006AFC55 /* Preview Assets.xcassets */ = {isa = PBXFileReference; lastKnownFileType = folder.assetcatalog; path = "Preview Assets.xcassets"; sourceTree = "<group>"; };
		2912D9102C9607DF006AFC55 /* AIRUNAPPTests.xctest */ = {isa = PBXFileReference; explicitFileType = wrapper.cfbundle; includeInIndex = 0; path = AIRUNAPPTests.xctest; sourceTree = BUILT_PRODUCTS_DIR; };
		2912D9142C9607DF006AFC55 /* AIRUNAPPTests.swift */ = {isa = PBXFileReference; lastKnownFileType = sourcecode.swift; path = AIRUNAPPTests.swift; sourceTree = "<group>"; };
		2912D91A2C9607DF006AFC55 /* AIRUNAPPUITests.xctest */ = {isa = PBXFileReference; explicitFileType = wrapper.cfbundle; includeInIndex = 0; path = AIRUNAPPUITests.xctest; sourceTree = BUILT_PRODUCTS_DIR; };
		2912D91E2C9607DF006AFC55 /* AIRUNAPPUITests.swift */ = {isa = PBXFileReference; lastKnownFileType = sourcecode.swift; path = AIRUNAPPUITests.swift; sourceTree = "<group>"; };
		2912D9202C9607DF006AFC55 /* AIRUNAPPUITestsLaunchTests.swift */ = {isa = PBXFileReference; lastKnownFileType = sourcecode.swift; path = AIRUNAPPUITestsLaunchTests.swift; sourceTree = "<group>"; };
/* End PBXFileReference section */

/* Begin PBXFrameworksBuildPhase section */
		2912D8FD2C9607DE006AFC55 /* Frameworks */ = {
			isa = PBXFrameworksBuildPhase;
			buildActionMask = 2147483647;
			files = (
			);
			runOnlyForDeploymentPostprocessing = 0;
		};
		2912D90D2C9607DF006AFC55 /* Frameworks */ = {
			isa = PBXFrameworksBuildPhase;
			buildActionMask = 2147483647;
			files = (
			);
			runOnlyForDeploymentPostprocessing = 0;
		};
		2912D9172C9607DF006AFC55 /* Frameworks */ = {
			isa = PBXFrameworksBuildPhase;
			buildActionMask = 2147483647;
			files = (
			);
			runOnlyForDeploymentPostprocessing = 0;
		};
/* End PBXFrameworksBuildPhase section */

/* Begin PBXGroup section */
		2912D8F72C9607DE006AFC55 = {
			isa = PBXGroup;
			children = (
				2912D9022C9607DE006AFC55 /* AIRUNAPP */,
				2912D9132C9607DF006AFC55 /* AIRUNAPPTests */,
				2912D91D2C9607DF006AFC55 /* AIRUNAPPUITests */,
				2912D9012C9607DE006AFC55 /* Products */,
			);
			sourceTree = "<group>";
		};
		2912D9012C9607DE006AFC55 /* Products */ = {
			isa = PBXGroup;
			children = (
				2912D9002C9607DE006AFC55 /* AIRUNAPP.app */,
				2912D9102C9607DF006AFC55 /* AIRUNAPPTests.xctest */,
				2912D91A2C9607DF006AFC55 /* AIRUNAPPUITests.xctest */,
			);
			name = Products;
			sourceTree = "<group>";
		};
		2912D9022C9607DE006AFC55 /* AIRUNAPP */ = {
			isa = PBXGroup;
			children = (
				2912D9032C9607DE006AFC55 /* AIRUNAPPApp.swift */,
				2912D9052C9607DE006AFC55 /* ContentView.swift */,
				2912D9072C9607DF006AFC55 /* Assets.xcassets */,
				2912D9092C9607DF006AFC55 /* Preview Content */,
			);
			path = AIRUNAPP;
			sourceTree = "<group>";
		};
		2912D9092C9607DF006AFC55 /* Preview Content */ = {
			isa = PBXGroup;
			children = (
				2912D90A2C9607DF006AFC55 /* Preview Assets.xcassets */,
			);
			path = "Preview Content";
			sourceTree = "<group>";
		};
		2912D9132C9607DF006AFC55 /* AIRUNAPPTests */ = {
			isa = PBXGroup;
			children = (
				2912D9142C9607DF006AFC55 /* AIRUNAPPTests.swift */,
			);
			path = AIRUNAPPTests;
			sourceTree = "<group>";
		};
		2912D91D2C9607DF006AFC55 /* AIRUNAPPUITests */ = {
			isa = PBXGroup;
			children = (
				2912D91E2C9607DF006AFC55 /* AIRUNAPPUITests.swift */,
				2912D9202C9607DF006AFC55 /* AIRUNAPPUITestsLaunchTests.swift */,
			);
			path = AIRUNAPPUITests;
			sourceTree = "<group>";
		};
/* End PBXGroup section */

/* Begin PBXNativeTarget section */
		2912D8FF2C9607DE006AFC55 /* AIRUNAPP */ = {
			isa = PBXNativeTarget;
			buildConfigurationList = 2912D9242C9607DF006AFC55 /* Build configuration list for PBXNativeTarget "AIRUNAPP" */;
			buildPhases = (
				2912D8FC2C9607DE006AFC55 /* Sources */,
				2912D8FD2C9607DE006AFC55 /* Frameworks */,
				2912D8FE2C9607DE006AFC55 /* Resources */,
			);
			buildRules = (
			);
			dependencies = (
			);
			name = AIRUNAPP;
			productName = AIRUNAPP;
			productReference = 2912D9002C9607DE006AFC55 /* AIRUNAPP.app */;
			productType = "com.apple.product-type.application";
		};
		2912D90F2C9607DF006AFC55 /* AIRUNAPPTests */ = {
			isa = PBXNativeTarget;
			buildConfigurationList = 2912D9272C9607DF006AFC55 /* Build configuration list for PBXNativeTarget "AIRUNAPPTests" */;
			buildPhases = (
				2912D90C2C9607DF006AFC55 /* Sources */,
				2912D90D2C9607DF006AFC55 /* Frameworks */,
				2912D90E2C9607DF006AFC55 /* Resources */,
			);
			buildRules = (
			);
			dependencies = (
				2912D9122C9607DF006AFC55 /* PBXTargetDependency */,
			);
			name = AIRUNAPPTests;
			productName = AIRUNAPPTests;
			productReference = 2912D9102C9607DF006AFC55 /* AIRUNAPPTests.xctest */;
			productType = "com.apple.product-type.bundle.unit-test";
		};
		2912D9192C9607DF006AFC55 /* AIRUNAPPUITests */ = {
			isa = PBXNativeTarget;
			buildConfigurationList = 2912D92A2C9607DF006AFC55 /* Build configuration list for PBXNativeTarget "AIRUNAPPUITests" */;
			buildPhases = (
				2912D9162C9607DF006AFC55 /* Sources */,
				2912D9172C9607DF006AFC55 /* Frameworks */,
				2912D9182C9607DF006AFC55 /* Resources */,
			);
			buildRules = (
			);
			dependencies = (
				2912D91C2C9607DF006AFC55 /* PBXTargetDependency */,
			);
			name = AIRUNAPPUITests;
			productName = AIRUNAPPUITests;
			productReference = 2912D91A2C9607DF006AFC55 /* AIRUNAPPUITests.xctest */;
			productType = "com.apple.product-type.bundle.ui-testing";
		};
/* End PBXNativeTarget section */

/* Begin PBXProject section */
		2912D8F82C9607DE006AFC55 /* Project object */ = {
			isa = PBXProject;
			attributes = {
				BuildIndependentTargetsInParallel = 1;
				LastSwiftUpdateCheck = 1540;
				LastUpgradeCheck = 1540;
				TargetAttributes = {
					2912D8FF2C9607DE006AFC55 = {
						CreatedOnToolsVersion = 15.4;
					};
					2912D90F2C9607DF006AFC55 = {
						CreatedOnToolsVersion = 15.4;
						TestTargetID = 2912D8FF2C9607DE006AFC55;
					};
					2912D9192C9607DF006AFC55 = {
						CreatedOnToolsVersion = 15.4;
						TestTargetID = 2912D8FF2C9607DE006AFC55;
					};
				};
			};
			buildConfigurationList = 2912D8FB2C9607DE006AFC55 /* Build configuration list for PBXProject "AIRUNAPP" */;
			compatibilityVersion = "Xcode 14.0";
			developmentRegion = en;
			hasScannedForEncodings = 0;
			knownRegions = (
				en,
				Base,
			);
			mainGroup = 2912D8F72C9607DE006AFC55;
			productRefGroup = 2912D9012C9607DE006AFC55 /* Products */;
			projectDirPath = "";
			projectRoot = "";
			targets = (
				2912D8FF2C9607DE006AFC55 /* AIRUNAPP */,
				2912D90F2C9607DF006AFC55 /* AIRUNAPPTests */,
				2912D9192C9607DF006AFC55 /* AIRUNAPPUITests */,
			);
		};
/* End PBXProject section */

/* Begin PBXResourcesBuildPhase section */
		2912D8FE2C9607DE006AFC55 /* Resources */ = {
			isa = PBXResourcesBuildPhase;
			buildActionMask = 2147483647;
			files = (
				2912D90B2C9607DF006AFC55 /* Preview Assets.xcassets in Resources */,
				2912D9082C9607DF006AFC55 /* Assets.xcassets in Resources */,
			);
			runOnlyForDeploymentPostprocessing = 0;
		};
		2912D90E2C9607DF006AFC55 /* Resources */ = {
			isa = PBXResourcesBuildPhase;
			buildActionMask = 2147483647;
			files = (
			);
			runOnlyForDeploymentPostprocessing = 0;
		};
		2912D9182C9607DF006AFC55 /* Resources */ = {
			isa = PBXResourcesBuildPhase;
			buildActionMask = 2147483647;
			files = (
			);
			runOnlyForDeploymentPostprocessing = 0;
		};
/* End PBXResourcesBuildPhase section */

/* Begin PBXSourcesBuildPhase section */
		2912D8FC2C9607DE006AFC55 /* Sources */ = {
			isa = PBXSourcesBuildPhase;
			buildActionMask = 2147483647;
			files = (
				2912D9062C9607DE006AFC55 /* ContentView.swift in Sources */,
				2912D9042C9607DE006AFC55 /* AIRUNAPPApp.swift in Sources */,
			);
			runOnlyForDeploymentPostprocessing = 0;
		};
		2912D90C2C9607DF006AFC55 /* Sources */ = {
			isa = PBXSourcesBuildPhase;
			buildActionMask = 2147483647;
			files = (
				2912D9152C9607DF006AFC55 /* AIRUNAPPTests.swift in Sources */,
			);
			runOnlyForDeploymentPostprocessing = 0;
		};
		2912D9162C9607DF006AFC55 /* Sources */ = {
			isa = PBXSourcesBuildPhase;
			buildActionMask = 2147483647;
			files = (
				2912D9212C9607DF006AFC55 /* AIRUNAPPUITestsLaunchTests.swift in Sources */,
				2912D91F2C9607DF006AFC55 /* AIRUNAPPUITests.swift in Sources */,
			);
			runOnlyForDeploymentPostprocessing = 0;
		};
/* End PBXSourcesBuildPhase section */

/* Begin PBXTargetDependency section */
		2912D9122C9607DF006AFC55 /* PBXTargetDependency */ = {
			isa = PBXTargetDependency;
			target = 2912D8FF2C9607DE006AFC55 /* AIRUNAPP */;
			targetProxy = 2912D9112C9607DF006AFC55 /* PBXContainerItemProxy */;
		};
		2912D91C2C9607DF006AFC55 /* PBXTargetDependency */ = {
			isa = PBXTargetDependency;
			target = 2912D8FF2C9607DE006AFC55 /* AIRUNAPP */;
			targetProxy = 2912D91B2C9607DF006AFC55 /* PBXContainerItemProxy */;
		};
/* End PBXTargetDependency section */

/* Begin XCBuildConfiguration section */
		2912D9222C9607DF006AFC55 /* Debug */ = {
			isa = XCBuildConfiguration;
			buildSettings = {
				ALWAYS_SEARCH_USER_PATHS = NO;
				ASSETCATALOG_COMPILER_GENERATE_SWIFT_ASSET_SYMBOL_EXTENSIONS = YES;
				CLANG_ANALYZER_NONNULL = YES;
				CLANG_ANALYZER_NUMBER_OBJECT_CONVERSION = YES_AGGRESSIVE;
				CLANG_CXX_LANGUAGE_STANDARD = "gnu++20";
				CLANG_ENABLE_MODULES = YES;
				CLANG_ENABLE_OBJC_ARC = YES;
				CLANG_ENABLE_OBJC_WEAK = YES;
				CLANG_WARN_BLOCK_CAPTURE_AUTORELEASING = YES;
				CLANG_WARN_BOOL_CONVERSION = YES;
				CLANG_WARN_COMMA = YES;
				CLANG_WARN_CONSTANT_CONVERSION = YES;
				CLANG_WARN_DEPRECATED_OBJC_IMPLEMENTATIONS = YES;
				CLANG_WARN_DIRECT_OBJC_ISA_USAGE = YES_ERROR;
				CLANG_WARN_DOCUMENTATION_COMMENTS = YES;
				CLANG_WARN_EMPTY_BODY = YES;
				CLANG_WARN_ENUM_CONVERSION = YES;
				CLANG_WARN_INFINITE_RECURSION = YES;
				CLANG_WARN_INT_CONVERSION = YES;
				CLANG_WARN_NON_LITERAL_NULL_CONVERSION = YES;
				CLANG_WARN_OBJC_IMPLICIT_RETAIN_SELF = YES;
				CLANG_WARN_OBJC_LITERAL_CONVERSION = YES;
				CLANG_WARN_OBJC_ROOT_CLASS = YES_ERROR;
				CLANG_WARN_QUOTED_INCLUDE_IN_FRAMEWORK_HEADER = YES;
				CLANG_WARN_RANGE_LOOP_ANALYSIS = YES;
				CLANG_WARN_STRICT_PROTOTYPES = YES;
				CLANG_WARN_SUSPICIOUS_MOVE = YES;
				CLANG_WARN_UNGUARDED_AVAILABILITY = YES_AGGRESSIVE;
				CLANG_WARN_UNREACHABLE_CODE = YES;
				CLANG_WARN__DUPLICATE_METHOD_MATCH = YES;
				COPY_PHASE_STRIP = NO;
				DEBUG_INFORMATION_FORMAT = dwarf;
				ENABLE_STRICT_OBJC_MSGSEND = YES;
				ENABLE_TESTABILITY = YES;
				ENABLE_USER_SCRIPT_SANDBOXING = YES;
				GCC_C_LANGUAGE_STANDARD = gnu17;
				GCC_DYNAMIC_NO_PIC = NO;
				GCC_NO_COMMON_BLOCKS = YES;
				GCC_OPTIMIZATION_LEVEL = 0;
				GCC_PREPROCESSOR_DEFINITIONS = (
					"DEBUG=1",
					"$(inherited)",
				);
				GCC_WARN_64_TO_32_BIT_CONVERSION = YES;
				GCC_WARN_ABOUT_RETURN_TYPE = YES_ERROR;
				GCC_WARN_UNDECLARED_SELECTOR = YES;
				GCC_WARN_UNINITIALIZED_AUTOS = YES_AGGRESSIVE;
				GCC_WARN_UNUSED_FUNCTION = YES;
				GCC_WARN_UNUSED_VARIABLE = YES;
				IPHONEOS_DEPLOYMENT_TARGET = 17.5;
				LOCALIZATION_PREFERS_STRING_CATALOGS = YES;
				MTL_ENABLE_DEBUG_INFO = INCLUDE_SOURCE;
				MTL_FAST_MATH = YES;
				ONLY_ACTIVE_ARCH = YES;
				SDKROOT = iphoneos;
				SWIFT_ACTIVE_COMPILATION_CONDITIONS = "DEBUG $(inherited)";
				SWIFT_OPTIMIZATION_LEVEL = "-Onone";
			};
			name = Debug;
		};
		2912D9232C9607DF006AFC55 /* Release */ = {
			isa = XCBuildConfiguration;
			buildSettings = {
				ALWAYS_SEARCH_USER_PATHS = NO;
				ASSETCATALOG_COMPILER_GENERATE_SWIFT_ASSET_SYMBOL_EXTENSIONS = YES;
				CLANG_ANALYZER_NONNULL = YES;
				CLANG_ANALYZER_NUMBER_OBJECT_CONVERSION = YES_AGGRESSIVE;
				CLANG_CXX_LANGUAGE_STANDARD = "gnu++20";
				CLANG_ENABLE_MODULES = YES;
				CLANG_ENABLE_OBJC_ARC = YES;
				CLANG_ENABLE_OBJC_WEAK = YES;
				CLANG_WARN_BLOCK_CAPTURE_AUTORELEASING = YES;
				CLANG_WARN_BOOL_CONVERSION = YES;
				CLANG_WARN_COMMA = YES;
				CLANG_WARN_CONSTANT_CONVERSION = YES;
				CLANG_WARN_DEPRECATED_OBJC_IMPLEMENTATIONS = YES;
				CLANG_WARN_DIRECT_OBJC_ISA_USAGE = YES_ERROR;
				CLANG_WARN_DOCUMENTATION_COMMENTS = YES;
				CLANG_WARN_EMPTY_BODY = YES;
				CLANG_WARN_ENUM_CONVERSION = YES;
				CLANG_WARN_INFINITE_RECURSION = YES;
				CLANG_WARN_INT_CONVERSION = YES;
				CLANG_WARN_NON_LITERAL_NULL_CONVERSION = YES;
				CLANG_WARN_OBJC_IMPLICIT_RETAIN_SELF = YES;
				CLANG_WARN_OBJC_LITERAL_CONVERSION = YES;
				CLANG_WARN_OBJC_ROOT_CLASS = YES_ERROR;
				CLANG_WARN_QUOTED_INCLUDE_IN_FRAMEWORK_HEADER = YES;
				CLANG_WARN_RANGE_LOOP_ANALYSIS = YES;
				CLANG_WARN_STRICT_PROTOTYPES = YES;
				CLANG_WARN_SUSPICIOUS_MOVE = YES;
				CLANG_WARN_UNGUARDED_AVAILABILITY = YES_AGGRESSIVE;
				CLANG_WARN_UNREACHABLE_CODE = YES;
				CLANG_WARN__DUPLICATE_METHOD_MATCH = YES;
				COPY_PHASE_STRIP = NO;
				DEBUG_INFORMATION_FORMAT = "dwarf-with-dsym";
				ENABLE_NS_ASSERTIONS = NO;
				ENABLE_STRICT_OBJC_MSGSEND = YES;
				ENABLE_USER_SCRIPT_SANDBOXING = YES;
				GCC_C_LANGUAGE_STANDARD = gnu17;
				GCC_NO_COMMON_BLOCKS = YES;
				GCC_WARN_64_TO_32_BIT_CONVERSION = YES;
				GCC_WARN_ABOUT_RETURN_TYPE = YES_ERROR;
				GCC_WARN_UNDECLARED_SELECTOR = YES;
				GCC_WARN_UNINITIALIZED_AUTOS = YES_AGGRESSIVE;
				GCC_WARN_UNUSED_FUNCTION = YES;
				GCC_WARN_UNUSED_VARIABLE = YES;
				IPHONEOS_DEPLOYMENT_TARGET = 17.5;
				LOCALIZATION_PREFERS_STRING_CATALOGS = YES;
				MTL_ENABLE_DEBUG_INFO = NO;
				MTL_FAST_MATH = YES;
				SDKROOT = iphoneos;
				SWIFT_COMPILATION_MODE = wholemodule;
				VALIDATE_PRODUCT = YES;
			};
			name = Release;
		};
		2912D9252C9607DF006AFC55 /* Debug */ = {
			isa = XCBuildConfiguration;
			buildSettings = {
				ASSETCATALOG_COMPILER_APPICON_NAME = AppIcon;
				ASSETCATALOG_COMPILER_GLOBAL_ACCENT_COLOR_NAME = AccentColor;
				CODE_SIGN_STYLE = Automatic;
				CURRENT_PROJECT_VERSION = 1;
				DEVELOPMENT_ASSET_PATHS = "\"AIRUNAPP/Preview Content\"";
				ENABLE_PREVIEWS = YES;
				GENERATE_INFOPLIST_FILE = YES;
				INFOPLIST_KEY_UIApplicationSceneManifest_Generation = YES;
				INFOPLIST_KEY_UIApplicationSupportsIndirectInputEvents = YES;
				INFOPLIST_KEY_UILaunchScreen_Generation = YES;
				INFOPLIST_KEY_UISupportedInterfaceOrientations_iPad = "UIInterfaceOrientationPortrait UIInterfaceOrientationPortraitUpsideDown UIInterfaceOrientationLandscapeLeft UIInterfaceOrientationLandscapeRight";
				INFOPLIST_KEY_UISupportedInterfaceOrientations_iPhone = "UIInterfaceOrientationPortrait UIInterfaceOrientationLandscapeLeft UIInterfaceOrientationLandscapeRight";
				LD_RUNPATH_SEARCH_PATHS = (
					"$(inherited)",
					"@executable_path/Frameworks",
				);
				MARKETING_VERSION = 1.0;
				PRODUCT_BUNDLE_IDENTIFIER = NiamBashambu.AIRUNAPP;
				PRODUCT_NAME = "$(TARGET_NAME)";
				SWIFT_EMIT_LOC_STRINGS = YES;
				SWIFT_VERSION = 5.0;
				TARGETED_DEVICE_FAMILY = "1,2";
			};
			name = Debug;
		};
		2912D9262C9607DF006AFC55 /* Release */ = {
			isa = XCBuildConfiguration;
			buildSettings = {
				ASSETCATALOG_COMPILER_APPICON_NAME = AppIcon;
				ASSETCATALOG_COMPILER_GLOBAL_ACCENT_COLOR_NAME = AccentColor;
				CODE_SIGN_STYLE = Automatic;
				CURRENT_PROJECT_VERSION = 1;
				DEVELOPMENT_ASSET_PATHS = "\"AIRUNAPP/Preview Content\"";
				ENABLE_PREVIEWS = YES;
				GENERATE_INFOPLIST_FILE = YES;
				INFOPLIST_KEY_UIApplicationSceneManifest_Generation = YES;
				INFOPLIST_KEY_UIApplicationSupportsIndirectInputEvents = YES;
				INFOPLIST_KEY_UILaunchScreen_Generation = YES;
				INFOPLIST_KEY_UISupportedInterfaceOrientations_iPad = "UIInterfaceOrientationPortrait UIInterfaceOrientationPortraitUpsideDown UIInterfaceOrientationLandscapeLeft UIInterfaceOrientationLandscapeRight";
				INFOPLIST_KEY_UISupportedInterfaceOrientations_iPhone = "UIInterfaceOrientationPortrait UIInterfaceOrientationLandscapeLeft UIInterfaceOrientationLandscapeRight";
				LD_RUNPATH_SEARCH_PATHS = (
					"$(inherited)",
					"@executable_path/Frameworks",
				);
				MARKETING_VERSION = 1.0;
				PRODUCT_BUNDLE_IDENTIFIER = NiamBashambu.AIRUNAPP;
				PRODUCT_NAME = "$(TARGET_NAME)";
				SWIFT_EMIT_LOC_STRINGS = YES;
				SWIFT_VERSION = 5.0;
				TARGETED_DEVICE_FAMILY = "1,2";
			};
			name = Release;
		};
		2912D9282C9607DF006AFC55 /* Debug */ = {
			isa = XCBuildConfiguration;
			buildSettings = {
				ALWAYS_EMBED_SWIFT_STANDARD_LIBRARIES = YES;
				BUNDLE_LOADER = "$(TEST_HOST)";
				CODE_SIGN_STYLE = Automatic;
				CURRENT_PROJECT_VERSION = 1;
				GENERATE_INFOPLIST_FILE = YES;
				IPHONEOS_DEPLOYMENT_TARGET = 17.5;
				MARKETING_VERSION = 1.0;
				PRODUCT_BUNDLE_IDENTIFIER = NiamBashambu.AIRUNAPPTests;
				PRODUCT_NAME = "$(TARGET_NAME)";
				SWIFT_EMIT_LOC_STRINGS = NO;
				SWIFT_VERSION = 5.0;
				TARGETED_DEVICE_FAMILY = "1,2";
				TEST_HOST = "$(BUILT_PRODUCTS_DIR)/AIRUNAPP.app/$(BUNDLE_EXECUTABLE_FOLDER_PATH)/AIRUNAPP";
			};
			name = Debug;
		};
		2912D9292C9607DF006AFC55 /* Release */ = {
			isa = XCBuildConfiguration;
			buildSettings = {
				ALWAYS_EMBED_SWIFT_STANDARD_LIBRARIES = YES;
				BUNDLE_LOADER = "$(TEST_HOST)";
				CODE_SIGN_STYLE = Automatic;
				CURRENT_PROJECT_VERSION = 1;
				GENERATE_INFOPLIST_FILE = YES;
				IPHONEOS_DEPLOYMENT_TARGET = 17.5;
				MARKETING_VERSION = 1.0;
				PRODUCT_BUNDLE_IDENTIFIER = NiamBashambu.AIRUNAPPTests;
				PRODUCT_NAME = "$(TARGET_NAME)";
				SWIFT_EMIT_LOC_STRINGS = NO;
				SWIFT_VERSION = 5.0;
				TARGETED_DEVICE_FAMILY = "1,2";
				TEST_HOST = "$(BUILT_PRODUCTS_DIR)/AIRUNAPP.app/$(BUNDLE_EXECUTABLE_FOLDER_PATH)/AIRUNAPP";
			};
			name = Release;
		};
		2912D92B2C9607DF006AFC55 /* Debug */ = {
			isa = XCBuildConfiguration;
			buildSettings = {
				ALWAYS_EMBED_SWIFT_STANDARD_LIBRARIES = YES;
				CODE_SIGN_STYLE = Automatic;
				CURRENT_PROJECT_VERSION = 1;
				GENERATE_INFOPLIST_FILE = YES;
				MARKETING_VERSION = 1.0;
				PRODUCT_BUNDLE_IDENTIFIER = NiamBashambu.AIRUNAPPUITests;
				PRODUCT_NAME = "$(TARGET_NAME)";
				SWIFT_EMIT_LOC_STRINGS = NO;
				SWIFT_VERSION = 5.0;
				TARGETED_DEVICE_FAMILY = "1,2";
				TEST_TARGET_NAME = AIRUNAPP;
			};
			name = Debug;
		};
		2912D92C2C9607DF006AFC55 /* Release */ = {
			isa = XCBuildConfiguration;
			buildSettings = {
				ALWAYS_EMBED_SWIFT_STANDARD_LIBRARIES = YES;
				CODE_SIGN_STYLE = Automatic;
				CURRENT_PROJECT_VERSION = 1;
				GENERATE_INFOPLIST_FILE = YES;
				MARKETING_VERSION = 1.0;
				PRODUCT_BUNDLE_IDENTIFIER = NiamBashambu.AIRUNAPPUITests;
				PRODUCT_NAME = "$(TARGET_NAME)";
				SWIFT_EMIT_LOC_STRINGS = NO;
				SWIFT_VERSION = 5.0;
				TARGETED_DEVICE_FAMILY = "1,2";
				TEST_TARGET_NAME = AIRUNAPP;
			};
			name = Release;
		};
/* End XCBuildConfiguration section */

/* Begin XCConfigurationList section */
		2912D8FB2C9607DE006AFC55 /* Build configuration list for PBXProject "AIRUNAPP" */ = {
			isa = XCConfigurationList;
			buildConfigurations = (
				2912D9222C9607DF006AFC55 /* Debug */,
				2912D9232C9607DF006AFC55 /* Release */,
			);
			defaultConfigurationIsVisible = 0;
			defaultConfigurationName = Release;
		};
		2912D9242C9607DF006AFC55 /* Build configuration list for PBXNativeTarget "AIRUNAPP" */ = {
			isa = XCConfigurationList;
			buildConfigurations = (
				2912D9252C9607DF006AFC55 /* Debug */,
				2912D9262C9607DF006AFC55 /* Release */,
			);
			defaultConfigurationIsVisible = 0;
			defaultConfigurationName = Release;
		};
		2912D9272C9607DF006AFC55 /* Build configuration list for PBXNativeTarget "AIRUNAPPTests" */ = {
			isa = XCConfigurationList;
			buildConfigurations = (
				2912D9282C9607DF006AFC55 /* Debug */,
				2912D9292C9607DF006AFC55 /* Release */,
			);
			defaultConfigurationIsVisible = 0;
			defaultConfigurationName = Release;
		};
		2912D92A2C9607DF006AFC55 /* Build configuration list for PBXNativeTarget "AIRUNAPPUITests" */ = {
			isa = XCConfigurationList;
			buildConfigurations = (
				2912D92B2C9607DF006AFC55 /* Debug */,
				2912D92C2C9607DF006AFC55 /* Release */,
			);
			defaultConfigurationIsVisible = 0;
			defaultConfigurationName = Release;
		};
/* End XCConfigurationList section */
	};
	rootObject = 2912D8F82C9607DE006AFC55 /* Project object */;
}
