// !$*UTF8*$!
{
	archiveVersion = 1;
	classes = {
	};
	objectVersion = 56;
	objects = {

/* Begin PBXBuildFile section */
		29564FBF2CA8872E00876DD0 /* airunningApp.swift in Sources */ = {isa = PBXBuildFile; fileRef = 29564FBE2CA8872E00876DD0 /* airunningApp.swift */; };
		29564FC12CA8872E00876DD0 /* ContentView.swift in Sources */ = {isa = PBXBuildFile; fileRef = 29564FC02CA8872E00876DD0 /* ContentView.swift */; };
		29564FC32CA8873000876DD0 /* Assets.xcassets in Resources */ = {isa = PBXBuildFile; fileRef = 29564FC22CA8873000876DD0 /* Assets.xcassets */; };
		29564FC62CA8873000876DD0 /* Preview Assets.xcassets in Resources */ = {isa = PBXBuildFile; fileRef = 29564FC52CA8873000876DD0 /* Preview Assets.xcassets */; };
		29564FD02CA8873000876DD0 /* airunningTests.swift in Sources */ = {isa = PBXBuildFile; fileRef = 29564FCF2CA8873000876DD0 /* airunningTests.swift */; };
		29564FDA2CA8873000876DD0 /* airunningUITests.swift in Sources */ = {isa = PBXBuildFile; fileRef = 29564FD92CA8873000876DD0 /* airunningUITests.swift */; };
		29564FDC2CA8873000876DD0 /* airunningUITestsLaunchTests.swift in Sources */ = {isa = PBXBuildFile; fileRef = 29564FDB2CA8873000876DD0 /* airunningUITestsLaunchTests.swift */; };
		29564FE92CA8875900876DD0 /* StravaSafariView.swift in Sources */ = {isa = PBXBuildFile; fileRef = 29564FE82CA8875900876DD0 /* StravaSafariView.swift */; };
		29564FEB2CA8891700876DD0 /* ActivityCell.swift in Sources */ = {isa = PBXBuildFile; fileRef = 29564FEA2CA8891700876DD0 /* ActivityCell.swift */; };
		29564FED2CA8892900876DD0 /* LoadingView.swift in Sources */ = {isa = PBXBuildFile; fileRef = 29564FEC2CA8892900876DD0 /* LoadingView.swift */; };
		29564FEF2CA88B2300876DD0 /* Activity.swift in Sources */ = {isa = PBXBuildFile; fileRef = 29564FEE2CA88B2300876DD0 /* Activity.swift */; };
		29564FF12CA8937D00876DD0 /* ProgressView.swift in Sources */ = {isa = PBXBuildFile; fileRef = 29564FF02CA8937D00876DD0 /* ProgressView.swift */; };
		29564FF32CA8993500876DD0 /* AboutView.swift in Sources */ = {isa = PBXBuildFile; fileRef = 29564FF22CA8993500876DD0 /* AboutView.swift */; };
		29564FF92CA8AF1A00876DD0 /* DataView.swift in Sources */ = {isa = PBXBuildFile; fileRef = 29564FF82CA8AF1A00876DD0 /* DataView.swift */; };
		29564FFB2CA8AFC300876DD0 /* ActivityRow.swift in Sources */ = {isa = PBXBuildFile; fileRef = 29564FFA2CA8AFC300876DD0 /* ActivityRow.swift */; };
		295650012CA9130800876DD0 /* NetworkManager.swift in Sources */ = {isa = PBXBuildFile; fileRef = 295650002CA9130800876DD0 /* NetworkManager.swift */; };
/* End PBXBuildFile section */

/* Begin PBXContainerItemProxy section */
		29564FCC2CA8873000876DD0 /* PBXContainerItemProxy */ = {
			isa = PBXContainerItemProxy;
			containerPortal = 29564FB32CA8872E00876DD0 /* Project object */;
			proxyType = 1;
			remoteGlobalIDString = 29564FBA2CA8872E00876DD0;
			remoteInfo = airunning;
		};
		29564FD62CA8873000876DD0 /* PBXContainerItemProxy */ = {
			isa = PBXContainerItemProxy;
			containerPortal = 29564FB32CA8872E00876DD0 /* Project object */;
			proxyType = 1;
			remoteGlobalIDString = 29564FBA2CA8872E00876DD0;
			remoteInfo = airunning;
		};
/* End PBXContainerItemProxy section */

/* Begin PBXFileReference section */
		29564FBB2CA8872E00876DD0 /* airunning.app */ = {isa = PBXFileReference; explicitFileType = wrapper.application; includeInIndex = 0; path = airunning.app; sourceTree = BUILT_PRODUCTS_DIR; };
		29564FBE2CA8872E00876DD0 /* airunningApp.swift */ = {isa = PBXFileReference; lastKnownFileType = sourcecode.swift; path = airunningApp.swift; sourceTree = "<group>"; };
		29564FC02CA8872E00876DD0 /* ContentView.swift */ = {isa = PBXFileReference; lastKnownFileType = sourcecode.swift; path = ContentView.swift; sourceTree = "<group>"; };
		29564FC22CA8873000876DD0 /* Assets.xcassets */ = {isa = PBXFileReference; lastKnownFileType = folder.assetcatalog; path = Assets.xcassets; sourceTree = "<group>"; };
		29564FC52CA8873000876DD0 /* Preview Assets.xcassets */ = {isa = PBXFileReference; lastKnownFileType = folder.assetcatalog; path = "Preview Assets.xcassets"; sourceTree = "<group>"; };
		29564FCB2CA8873000876DD0 /* airunningTests.xctest */ = {isa = PBXFileReference; explicitFileType = wrapper.cfbundle; includeInIndex = 0; path = airunningTests.xctest; sourceTree = BUILT_PRODUCTS_DIR; };
		29564FCF2CA8873000876DD0 /* airunningTests.swift */ = {isa = PBXFileReference; lastKnownFileType = sourcecode.swift; path = airunningTests.swift; sourceTree = "<group>"; };
		29564FD52CA8873000876DD0 /* airunningUITests.xctest */ = {isa = PBXFileReference; explicitFileType = wrapper.cfbundle; includeInIndex = 0; path = airunningUITests.xctest; sourceTree = BUILT_PRODUCTS_DIR; };
		29564FD92CA8873000876DD0 /* airunningUITests.swift */ = {isa = PBXFileReference; lastKnownFileType = sourcecode.swift; path = airunningUITests.swift; sourceTree = "<group>"; };
		29564FDB2CA8873000876DD0 /* airunningUITestsLaunchTests.swift */ = {isa = PBXFileReference; lastKnownFileType = sourcecode.swift; path = airunningUITestsLaunchTests.swift; sourceTree = "<group>"; };
		29564FE82CA8875900876DD0 /* StravaSafariView.swift */ = {isa = PBXFileReference; lastKnownFileType = sourcecode.swift; path = StravaSafariView.swift; sourceTree = "<group>"; };
		29564FEA2CA8891700876DD0 /* ActivityCell.swift */ = {isa = PBXFileReference; lastKnownFileType = sourcecode.swift; path = ActivityCell.swift; sourceTree = "<group>"; };
		29564FEC2CA8892900876DD0 /* LoadingView.swift */ = {isa = PBXFileReference; lastKnownFileType = sourcecode.swift; path = LoadingView.swift; sourceTree = "<group>"; };
		29564FEE2CA88B2300876DD0 /* Activity.swift */ = {isa = PBXFileReference; lastKnownFileType = sourcecode.swift; path = Activity.swift; sourceTree = "<group>"; };
		29564FF02CA8937D00876DD0 /* ProgressView.swift */ = {isa = PBXFileReference; lastKnownFileType = sourcecode.swift; path = ProgressView.swift; sourceTree = "<group>"; };
		29564FF22CA8993500876DD0 /* AboutView.swift */ = {isa = PBXFileReference; lastKnownFileType = sourcecode.swift; path = AboutView.swift; sourceTree = "<group>"; };
		29564FF82CA8AF1A00876DD0 /* DataView.swift */ = {isa = PBXFileReference; lastKnownFileType = sourcecode.swift; path = DataView.swift; sourceTree = "<group>"; };
		29564FFA2CA8AFC300876DD0 /* ActivityRow.swift */ = {isa = PBXFileReference; lastKnownFileType = sourcecode.swift; path = ActivityRow.swift; sourceTree = "<group>"; };
		295650002CA9130800876DD0 /* NetworkManager.swift */ = {isa = PBXFileReference; lastKnownFileType = sourcecode.swift; path = NetworkManager.swift; sourceTree = "<group>"; };
/* End PBXFileReference section */

/* Begin PBXFrameworksBuildPhase section */
		29564FB82CA8872E00876DD0 /* Frameworks */ = {
			isa = PBXFrameworksBuildPhase;
			buildActionMask = 2147483647;
			files = (
			);
			runOnlyForDeploymentPostprocessing = 0;
		};
		29564FC82CA8873000876DD0 /* Frameworks */ = {
			isa = PBXFrameworksBuildPhase;
			buildActionMask = 2147483647;
			files = (
			);
			runOnlyForDeploymentPostprocessing = 0;
		};
		29564FD22CA8873000876DD0 /* Frameworks */ = {
			isa = PBXFrameworksBuildPhase;
			buildActionMask = 2147483647;
			files = (
			);
			runOnlyForDeploymentPostprocessing = 0;
		};
/* End PBXFrameworksBuildPhase section */

/* Begin PBXGroup section */
		29564FB22CA8872E00876DD0 = {
			isa = PBXGroup;
			children = (
				29564FBD2CA8872E00876DD0 /* airunning */,
				29564FCE2CA8873000876DD0 /* airunningTests */,
				29564FD82CA8873000876DD0 /* airunningUITests */,
				29564FBC2CA8872E00876DD0 /* Products */,
			);
			sourceTree = "<group>";
		};
		29564FBC2CA8872E00876DD0 /* Products */ = {
			isa = PBXGroup;
			children = (
				29564FBB2CA8872E00876DD0 /* airunning.app */,
				29564FCB2CA8873000876DD0 /* airunningTests.xctest */,
				29564FD52CA8873000876DD0 /* airunningUITests.xctest */,
			);
			name = Products;
			sourceTree = "<group>";
		};
		29564FBD2CA8872E00876DD0 /* airunning */ = {
			isa = PBXGroup;
			children = (
				29564FBE2CA8872E00876DD0 /* airunningApp.swift */,
				29564FEE2CA88B2300876DD0 /* Activity.swift */,
				29564FF22CA8993500876DD0 /* AboutView.swift */,
				29564FC02CA8872E00876DD0 /* ContentView.swift */,
				29564FF82CA8AF1A00876DD0 /* DataView.swift */,
				29564FFA2CA8AFC300876DD0 /* ActivityRow.swift */,
				29564FC22CA8873000876DD0 /* Assets.xcassets */,
				29564FC42CA8873000876DD0 /* Preview Content */,
				29564FE82CA8875900876DD0 /* StravaSafariView.swift */,
				29564FEA2CA8891700876DD0 /* ActivityCell.swift */,
				29564FEC2CA8892900876DD0 /* LoadingView.swift */,
				29564FF02CA8937D00876DD0 /* ProgressView.swift */,
				295650002CA9130800876DD0 /* NetworkManager.swift */,
			);
			path = airunning;
			sourceTree = "<group>";
		};
		29564FC42CA8873000876DD0 /* Preview Content */ = {
			isa = PBXGroup;
			children = (
				29564FC52CA8873000876DD0 /* Preview Assets.xcassets */,
			);
			path = "Preview Content";
			sourceTree = "<group>";
		};
		29564FCE2CA8873000876DD0 /* airunningTests */ = {
			isa = PBXGroup;
			children = (
				29564FCF2CA8873000876DD0 /* airunningTests.swift */,
			);
			path = airunningTests;
			sourceTree = "<group>";
		};
		29564FD82CA8873000876DD0 /* airunningUITests */ = {
			isa = PBXGroup;
			children = (
				29564FD92CA8873000876DD0 /* airunningUITests.swift */,
				29564FDB2CA8873000876DD0 /* airunningUITestsLaunchTests.swift */,
			);
			path = airunningUITests;
			sourceTree = "<group>";
		};
/* End PBXGroup section */

/* Begin PBXNativeTarget section */
		29564FBA2CA8872E00876DD0 /* airunning */ = {
			isa = PBXNativeTarget;
			buildConfigurationList = 29564FDF2CA8873000876DD0 /* Build configuration list for PBXNativeTarget "airunning" */;
			buildPhases = (
				29564FB72CA8872E00876DD0 /* Sources */,
				29564FB82CA8872E00876DD0 /* Frameworks */,
				29564FB92CA8872E00876DD0 /* Resources */,
			);
			buildRules = (
			);
			dependencies = (
			);
			name = airunning;
			productName = airunning;
			productReference = 29564FBB2CA8872E00876DD0 /* airunning.app */;
			productType = "com.apple.product-type.application";
		};
		29564FCA2CA8873000876DD0 /* airunningTests */ = {
			isa = PBXNativeTarget;
			buildConfigurationList = 29564FE22CA8873000876DD0 /* Build configuration list for PBXNativeTarget "airunningTests" */;
			buildPhases = (
				29564FC72CA8873000876DD0 /* Sources */,
				29564FC82CA8873000876DD0 /* Frameworks */,
				29564FC92CA8873000876DD0 /* Resources */,
			);
			buildRules = (
			);
			dependencies = (
				29564FCD2CA8873000876DD0 /* PBXTargetDependency */,
			);
			name = airunningTests;
			productName = airunningTests;
			productReference = 29564FCB2CA8873000876DD0 /* airunningTests.xctest */;
			productType = "com.apple.product-type.bundle.unit-test";
		};
		29564FD42CA8873000876DD0 /* airunningUITests */ = {
			isa = PBXNativeTarget;
			buildConfigurationList = 29564FE52CA8873000876DD0 /* Build configuration list for PBXNativeTarget "airunningUITests" */;
			buildPhases = (
				29564FD12CA8873000876DD0 /* Sources */,
				29564FD22CA8873000876DD0 /* Frameworks */,
				29564FD32CA8873000876DD0 /* Resources */,
			);
			buildRules = (
			);
			dependencies = (
				29564FD72CA8873000876DD0 /* PBXTargetDependency */,
			);
			name = airunningUITests;
			productName = airunningUITests;
			productReference = 29564FD52CA8873000876DD0 /* airunningUITests.xctest */;
			productType = "com.apple.product-type.bundle.ui-testing";
		};
/* End PBXNativeTarget section */

/* Begin PBXProject section */
		29564FB32CA8872E00876DD0 /* Project object */ = {
			isa = PBXProject;
			attributes = {
				BuildIndependentTargetsInParallel = 1;
				LastSwiftUpdateCheck = 1540;
				LastUpgradeCheck = 1540;
				TargetAttributes = {
					29564FBA2CA8872E00876DD0 = {
						CreatedOnToolsVersion = 15.4;
					};
					29564FCA2CA8873000876DD0 = {
						CreatedOnToolsVersion = 15.4;
						TestTargetID = 29564FBA2CA8872E00876DD0;
					};
					29564FD42CA8873000876DD0 = {
						CreatedOnToolsVersion = 15.4;
						TestTargetID = 29564FBA2CA8872E00876DD0;
					};
				};
			};
			buildConfigurationList = 29564FB62CA8872E00876DD0 /* Build configuration list for PBXProject "airunning" */;
			compatibilityVersion = "Xcode 14.0";
			developmentRegion = en;
			hasScannedForEncodings = 0;
			knownRegions = (
				en,
				Base,
			);
			mainGroup = 29564FB22CA8872E00876DD0;
			productRefGroup = 29564FBC2CA8872E00876DD0 /* Products */;
			projectDirPath = "";
			projectRoot = "";
			targets = (
				29564FBA2CA8872E00876DD0 /* airunning */,
				29564FCA2CA8873000876DD0 /* airunningTests */,
				29564FD42CA8873000876DD0 /* airunningUITests */,
			);
		};
/* End PBXProject section */

/* Begin PBXResourcesBuildPhase section */
		29564FB92CA8872E00876DD0 /* Resources */ = {
			isa = PBXResourcesBuildPhase;
			buildActionMask = 2147483647;
			files = (
				29564FC62CA8873000876DD0 /* Preview Assets.xcassets in Resources */,
				29564FC32CA8873000876DD0 /* Assets.xcassets in Resources */,
			);
			runOnlyForDeploymentPostprocessing = 0;
		};
		29564FC92CA8873000876DD0 /* Resources */ = {
			isa = PBXResourcesBuildPhase;
			buildActionMask = 2147483647;
			files = (
			);
			runOnlyForDeploymentPostprocessing = 0;
		};
		29564FD32CA8873000876DD0 /* Resources */ = {
			isa = PBXResourcesBuildPhase;
			buildActionMask = 2147483647;
			files = (
			);
			runOnlyForDeploymentPostprocessing = 0;
		};
/* End PBXResourcesBuildPhase section */

/* Begin PBXSourcesBuildPhase section */
		29564FB72CA8872E00876DD0 /* Sources */ = {
			isa = PBXSourcesBuildPhase;
			buildActionMask = 2147483647;
			files = (
				29564FF92CA8AF1A00876DD0 /* DataView.swift in Sources */,
				29564FF32CA8993500876DD0 /* AboutView.swift in Sources */,
				29564FEF2CA88B2300876DD0 /* Activity.swift in Sources */,
				29564FC12CA8872E00876DD0 /* ContentView.swift in Sources */,
				295650012CA9130800876DD0 /* NetworkManager.swift in Sources */,
				29564FE92CA8875900876DD0 /* StravaSafariView.swift in Sources */,
				29564FFB2CA8AFC300876DD0 /* ActivityRow.swift in Sources */,
				29564FEB2CA8891700876DD0 /* ActivityCell.swift in Sources */,
				29564FF12CA8937D00876DD0 /* ProgressView.swift in Sources */,
				29564FED2CA8892900876DD0 /* LoadingView.swift in Sources */,
				29564FBF2CA8872E00876DD0 /* airunningApp.swift in Sources */,
			);
			runOnlyForDeploymentPostprocessing = 0;
		};
		29564FC72CA8873000876DD0 /* Sources */ = {
			isa = PBXSourcesBuildPhase;
			buildActionMask = 2147483647;
			files = (
				29564FD02CA8873000876DD0 /* airunningTests.swift in Sources */,
			);
			runOnlyForDeploymentPostprocessing = 0;
		};
		29564FD12CA8873000876DD0 /* Sources */ = {
			isa = PBXSourcesBuildPhase;
			buildActionMask = 2147483647;
			files = (
				29564FDC2CA8873000876DD0 /* airunningUITestsLaunchTests.swift in Sources */,
				29564FDA2CA8873000876DD0 /* airunningUITests.swift in Sources */,
			);
			runOnlyForDeploymentPostprocessing = 0;
		};
/* End PBXSourcesBuildPhase section */

/* Begin PBXTargetDependency section */
		29564FCD2CA8873000876DD0 /* PBXTargetDependency */ = {
			isa = PBXTargetDependency;
			target = 29564FBA2CA8872E00876DD0 /* airunning */;
			targetProxy = 29564FCC2CA8873000876DD0 /* PBXContainerItemProxy */;
		};
		29564FD72CA8873000876DD0 /* PBXTargetDependency */ = {
			isa = PBXTargetDependency;
			target = 29564FBA2CA8872E00876DD0 /* airunning */;
			targetProxy = 29564FD62CA8873000876DD0 /* PBXContainerItemProxy */;
		};
/* End PBXTargetDependency section */

/* Begin XCBuildConfiguration section */
		29564FDD2CA8873000876DD0 /* Debug */ = {
			isa = XCBuildConfiguration;
			buildSettings = {
				ALWAYS_SEARCH_USER_PATHS = NO;
				ASSETCATALOG_COMPILER_GENERATE_SWIFT_ASSET_SYMBOL_EXTENSIONS = YES;
				CLANG_ANALYZER_NONNULL = YES;
				CLANG_ANALYZER_NUMBER_OBJECT_CONVERSION = YES_AGGRESSIVE;
				CLANG_CXX_LANGUAGE_STANDARD = "gnu++20";
				CLANG_ENABLE_MODULES = YES;
				CLANG_ENABLE_OBJC_ARC = YES;
				CLANG_ENABLE_OBJC_WEAK = YES;
				CLANG_WARN_BLOCK_CAPTURE_AUTORELEASING = YES;
				CLANG_WARN_BOOL_CONVERSION = YES;
				CLANG_WARN_COMMA = YES;
				CLANG_WARN_CONSTANT_CONVERSION = YES;
				CLANG_WARN_DEPRECATED_OBJC_IMPLEMENTATIONS = YES;
				CLANG_WARN_DIRECT_OBJC_ISA_USAGE = YES_ERROR;
				CLANG_WARN_DOCUMENTATION_COMMENTS = YES;
				CLANG_WARN_EMPTY_BODY = YES;
				CLANG_WARN_ENUM_CONVERSION = YES;
				CLANG_WARN_INFINITE_RECURSION = YES;
				CLANG_WARN_INT_CONVERSION = YES;
				CLANG_WARN_NON_LITERAL_NULL_CONVERSION = YES;
				CLANG_WARN_OBJC_IMPLICIT_RETAIN_SELF = YES;
				CLANG_WARN_OBJC_LITERAL_CONVERSION = YES;
				CLANG_WARN_OBJC_ROOT_CLASS = YES_ERROR;
				CLANG_WARN_QUOTED_INCLUDE_IN_FRAMEWORK_HEADER = YES;
				CLANG_WARN_RANGE_LOOP_ANALYSIS = YES;
				CLANG_WARN_STRICT_PROTOTYPES = YES;
				CLANG_WARN_SUSPICIOUS_MOVE = YES;
				CLANG_WARN_UNGUARDED_AVAILABILITY = YES_AGGRESSIVE;
				CLANG_WARN_UNREACHABLE_CODE = YES;
				CLANG_WARN__DUPLICATE_METHOD_MATCH = YES;
				COPY_PHASE_STRIP = NO;
				DEBUG_INFORMATION_FORMAT = dwarf;
				ENABLE_STRICT_OBJC_MSGSEND = YES;
				ENABLE_TESTABILITY = YES;
				ENABLE_USER_SCRIPT_SANDBOXING = YES;
				GCC_C_LANGUAGE_STANDARD = gnu17;
				GCC_DYNAMIC_NO_PIC = NO;
				GCC_NO_COMMON_BLOCKS = YES;
				GCC_OPTIMIZATION_LEVEL = 0;
				GCC_PREPROCESSOR_DEFINITIONS = (
					"DEBUG=1",
					"$(inherited)",
				);
				GCC_WARN_64_TO_32_BIT_CONVERSION = YES;
				GCC_WARN_ABOUT_RETURN_TYPE = YES_ERROR;
				GCC_WARN_UNDECLARED_SELECTOR = YES;
				GCC_WARN_UNINITIALIZED_AUTOS = YES_AGGRESSIVE;
				GCC_WARN_UNUSED_FUNCTION = YES;
				GCC_WARN_UNUSED_VARIABLE = YES;
				IPHONEOS_DEPLOYMENT_TARGET = 17.5;
				LOCALIZATION_PREFERS_STRING_CATALOGS = YES;
				MTL_ENABLE_DEBUG_INFO = INCLUDE_SOURCE;
				MTL_FAST_MATH = YES;
				ONLY_ACTIVE_ARCH = YES;
				SDKROOT = iphoneos;
				SWIFT_ACTIVE_COMPILATION_CONDITIONS = "DEBUG $(inherited)";
				SWIFT_OPTIMIZATION_LEVEL = "-Onone";
			};
			name = Debug;
		};
		29564FDE2CA8873000876DD0 /* Release */ = {
			isa = XCBuildConfiguration;
			buildSettings = {
				ALWAYS_SEARCH_USER_PATHS = NO;
				ASSETCATALOG_COMPILER_GENERATE_SWIFT_ASSET_SYMBOL_EXTENSIONS = YES;
				CLANG_ANALYZER_NONNULL = YES;
				CLANG_ANALYZER_NUMBER_OBJECT_CONVERSION = YES_AGGRESSIVE;
				CLANG_CXX_LANGUAGE_STANDARD = "gnu++20";
				CLANG_ENABLE_MODULES = YES;
				CLANG_ENABLE_OBJC_ARC = YES;
				CLANG_ENABLE_OBJC_WEAK = YES;
				CLANG_WARN_BLOCK_CAPTURE_AUTORELEASING = YES;
				CLANG_WARN_BOOL_CONVERSION = YES;
				CLANG_WARN_COMMA = YES;
				CLANG_WARN_CONSTANT_CONVERSION = YES;
				CLANG_WARN_DEPRECATED_OBJC_IMPLEMENTATIONS = YES;
				CLANG_WARN_DIRECT_OBJC_ISA_USAGE = YES_ERROR;
				CLANG_WARN_DOCUMENTATION_COMMENTS = YES;
				CLANG_WARN_EMPTY_BODY = YES;
				CLANG_WARN_ENUM_CONVERSION = YES;
				CLANG_WARN_INFINITE_RECURSION = YES;
				CLANG_WARN_INT_CONVERSION = YES;
				CLANG_WARN_NON_LITERAL_NULL_CONVERSION = YES;
				CLANG_WARN_OBJC_IMPLICIT_RETAIN_SELF = YES;
				CLANG_WARN_OBJC_LITERAL_CONVERSION = YES;
				CLANG_WARN_OBJC_ROOT_CLASS = YES_ERROR;
				CLANG_WARN_QUOTED_INCLUDE_IN_FRAMEWORK_HEADER = YES;
				CLANG_WARN_RANGE_LOOP_ANALYSIS = YES;
				CLANG_WARN_STRICT_PROTOTYPES = YES;
				CLANG_WARN_SUSPICIOUS_MOVE = YES;
				CLANG_WARN_UNGUARDED_AVAILABILITY = YES_AGGRESSIVE;
				CLANG_WARN_UNREACHABLE_CODE = YES;
				CLANG_WARN__DUPLICATE_METHOD_MATCH = YES;
				COPY_PHASE_STRIP = NO;
				DEBUG_INFORMATION_FORMAT = "dwarf-with-dsym";
				ENABLE_NS_ASSERTIONS = NO;
				ENABLE_STRICT_OBJC_MSGSEND = YES;
				ENABLE_USER_SCRIPT_SANDBOXING = YES;
				GCC_C_LANGUAGE_STANDARD = gnu17;
				GCC_NO_COMMON_BLOCKS = YES;
				GCC_WARN_64_TO_32_BIT_CONVERSION = YES;
				GCC_WARN_ABOUT_RETURN_TYPE = YES_ERROR;
				GCC_WARN_UNDECLARED_SELECTOR = YES;
				GCC_WARN_UNINITIALIZED_AUTOS = YES_AGGRESSIVE;
				GCC_WARN_UNUSED_FUNCTION = YES;
				GCC_WARN_UNUSED_VARIABLE = YES;
				IPHONEOS_DEPLOYMENT_TARGET = 17.5;
				LOCALIZATION_PREFERS_STRING_CATALOGS = YES;
				MTL_ENABLE_DEBUG_INFO = NO;
				MTL_FAST_MATH = YES;
				SDKROOT = iphoneos;
				SWIFT_COMPILATION_MODE = wholemodule;
				VALIDATE_PRODUCT = YES;
			};
			name = Release;
		};
		29564FE02CA8873000876DD0 /* Debug */ = {
			isa = XCBuildConfiguration;
			buildSettings = {
				ASSETCATALOG_COMPILER_APPICON_NAME = AppIcon;
				ASSETCATALOG_COMPILER_GLOBAL_ACCENT_COLOR_NAME = AccentColor;
				CODE_SIGN_IDENTITY = "Apple Development";
				CODE_SIGN_STYLE = Automatic;
				CURRENT_PROJECT_VERSION = 1;
				DEVELOPMENT_ASSET_PATHS = "\"airunning/Preview Content\"";
				DEVELOPMENT_TEAM = V3S7RS9S6Q;
				DONT_GENERATE_INFOPLIST_FILE = NO;
				ENABLE_PREVIEWS = YES;
				GENERATE_INFOPLIST_FILE = YES;
				INFOPLIST_FILE = "";
				INFOPLIST_KEY_CFBundleDisplayName = OptiRun;
				INFOPLIST_KEY_LSApplicationCategoryType = "public.app-category.healthcare-fitness";
				INFOPLIST_KEY_UIApplicationSceneManifest_Generation = YES;
				INFOPLIST_KEY_UIApplicationSupportsIndirectInputEvents = YES;
				INFOPLIST_KEY_UILaunchScreen_Generation = YES;
				INFOPLIST_KEY_UISupportedInterfaceOrientations_iPad = "UIInterfaceOrientationPortrait UIInterfaceOrientationPortraitUpsideDown UIInterfaceOrientationLandscapeLeft UIInterfaceOrientationLandscapeRight";
				INFOPLIST_KEY_UISupportedInterfaceOrientations_iPhone = "UIInterfaceOrientationPortrait UIInterfaceOrientationLandscapeLeft UIInterfaceOrientationLandscapeRight";
				LD_RUNPATH_SEARCH_PATHS = (
					"$(inherited)",
					"@executable_path/Frameworks",
				);
				MARKETING_VERSION = 1.0;
				PRODUCT_BUNDLE_IDENTIFIER = NiamBashambu.airunning;
				PRODUCT_NAME = "$(TARGET_NAME)";
				PROVISIONING_PROFILE_SPECIFIER = "";
				SUPPORTED_PLATFORMS = "iphoneos iphonesimulator";
				SUPPORTS_MACCATALYST = NO;
				SUPPORTS_MAC_DESIGNED_FOR_IPHONE_IPAD = NO;
				SUPPORTS_XR_DESIGNED_FOR_IPHONE_IPAD = NO;
				SWIFT_EMIT_LOC_STRINGS = YES;
				SWIFT_VERSION = 5.0;
				TARGETED_DEVICE_FAMILY = 1;
			};
			name = Debug;
		};
		29564FE12CA8873000876DD0 /* Release */ = {
			isa = XCBuildConfiguration;
			buildSettings = {
				ASSETCATALOG_COMPILER_APPICON_NAME = AppIcon;
				ASSETCATALOG_COMPILER_GLOBAL_ACCENT_COLOR_NAME = AccentColor;
				CODE_SIGN_IDENTITY = "Apple Development";
				CODE_SIGN_STYLE = Automatic;
				CURRENT_PROJECT_VERSION = 1;
				DEVELOPMENT_ASSET_PATHS = "\"airunning/Preview Content\"";
				DEVELOPMENT_TEAM = V3S7RS9S6Q;
				DONT_GENERATE_INFOPLIST_FILE = NO;
				ENABLE_PREVIEWS = YES;
				GENERATE_INFOPLIST_FILE = YES;
				"INFOPLIST_FILE[sdk=*]" = "";
				INFOPLIST_KEY_CFBundleDisplayName = OptiRun;
				INFOPLIST_KEY_LSApplicationCategoryType = "public.app-category.healthcare-fitness";
				INFOPLIST_KEY_UIApplicationSceneManifest_Generation = YES;
				INFOPLIST_KEY_UIApplicationSupportsIndirectInputEvents = YES;
				INFOPLIST_KEY_UILaunchScreen_Generation = YES;
				INFOPLIST_KEY_UISupportedInterfaceOrientations_iPad = "UIInterfaceOrientationPortrait UIInterfaceOrientationPortraitUpsideDown UIInterfaceOrientationLandscapeLeft UIInterfaceOrientationLandscapeRight";
				INFOPLIST_KEY_UISupportedInterfaceOrientations_iPhone = "UIInterfaceOrientationPortrait UIInterfaceOrientationLandscapeLeft UIInterfaceOrientationLandscapeRight";
				LD_RUNPATH_SEARCH_PATHS = (
					"$(inherited)",
					"@executable_path/Frameworks",
				);
				MARKETING_VERSION = 1.0;
				PRODUCT_BUNDLE_IDENTIFIER = NiamBashambu.airunning;
				PRODUCT_NAME = "$(TARGET_NAME)";
				PROVISIONING_PROFILE_SPECIFIER = "";
				SUPPORTED_PLATFORMS = "iphoneos iphonesimulator";
				SUPPORTS_MACCATALYST = NO;
				SUPPORTS_MAC_DESIGNED_FOR_IPHONE_IPAD = NO;
				SUPPORTS_XR_DESIGNED_FOR_IPHONE_IPAD = NO;
				SWIFT_EMIT_LOC_STRINGS = YES;
				SWIFT_VERSION = 5.0;
				TARGETED_DEVICE_FAMILY = 1;
			};
			name = Release;
		};
		29564FE32CA8873000876DD0 /* Debug */ = {
			isa = XCBuildConfiguration;
			buildSettings = {
				ALWAYS_EMBED_SWIFT_STANDARD_LIBRARIES = YES;
				BUNDLE_LOADER = "$(TEST_HOST)";
				CODE_SIGN_STYLE = Automatic;
				CURRENT_PROJECT_VERSION = 1;
				GENERATE_INFOPLIST_FILE = YES;
				IPHONEOS_DEPLOYMENT_TARGET = 17.5;
				MARKETING_VERSION = 1.0;
				PRODUCT_BUNDLE_IDENTIFIER = NiamBashambu.airunningTests;
				PRODUCT_NAME = "$(TARGET_NAME)";
				SWIFT_EMIT_LOC_STRINGS = NO;
				SWIFT_VERSION = 5.0;
				TARGETED_DEVICE_FAMILY = "1,2";
				TEST_HOST = "$(BUILT_PRODUCTS_DIR)/airunning.app/$(BUNDLE_EXECUTABLE_FOLDER_PATH)/airunning";
			};
			name = Debug;
		};
		29564FE42CA8873000876DD0 /* Release */ = {
			isa = XCBuildConfiguration;
			buildSettings = {
				ALWAYS_EMBED_SWIFT_STANDARD_LIBRARIES = YES;
				BUNDLE_LOADER = "$(TEST_HOST)";
				CODE_SIGN_STYLE = Automatic;
				CURRENT_PROJECT_VERSION = 1;
				GENERATE_INFOPLIST_FILE = YES;
				IPHONEOS_DEPLOYMENT_TARGET = 17.5;
				MARKETING_VERSION = 1.0;
				PRODUCT_BUNDLE_IDENTIFIER = NiamBashambu.airunningTests;
				PRODUCT_NAME = "$(TARGET_NAME)";
				SWIFT_EMIT_LOC_STRINGS = NO;
				SWIFT_VERSION = 5.0;
				TARGETED_DEVICE_FAMILY = "1,2";
				TEST_HOST = "$(BUILT_PRODUCTS_DIR)/airunning.app/$(BUNDLE_EXECUTABLE_FOLDER_PATH)/airunning";
			};
			name = Release;
		};
		29564FE62CA8873000876DD0 /* Debug */ = {
			isa = XCBuildConfiguration;
			buildSettings = {
				ALWAYS_EMBED_SWIFT_STANDARD_LIBRARIES = YES;
				CODE_SIGN_STYLE = Automatic;
				CURRENT_PROJECT_VERSION = 1;
				GENERATE_INFOPLIST_FILE = YES;
				MARKETING_VERSION = 1.0;
				PRODUCT_BUNDLE_IDENTIFIER = NiamBashambu.airunningUITests;
				PRODUCT_NAME = "$(TARGET_NAME)";
				SWIFT_EMIT_LOC_STRINGS = NO;
				SWIFT_VERSION = 5.0;
				TARGETED_DEVICE_FAMILY = "1,2";
				TEST_TARGET_NAME = airunning;
			};
			name = Debug;
		};
		29564FE72CA8873000876DD0 /* Release */ = {
			isa = XCBuildConfiguration;
			buildSettings = {
				ALWAYS_EMBED_SWIFT_STANDARD_LIBRARIES = YES;
				CODE_SIGN_STYLE = Automatic;
				CURRENT_PROJECT_VERSION = 1;
				GENERATE_INFOPLIST_FILE = YES;
				MARKETING_VERSION = 1.0;
				PRODUCT_BUNDLE_IDENTIFIER = NiamBashambu.airunningUITests;
				PRODUCT_NAME = "$(TARGET_NAME)";
				SWIFT_EMIT_LOC_STRINGS = NO;
				SWIFT_VERSION = 5.0;
				TARGETED_DEVICE_FAMILY = "1,2";
				TEST_TARGET_NAME = airunning;
			};
			name = Release;
		};
/* End XCBuildConfiguration section */

/* Begin XCConfigurationList section */
		29564FB62CA8872E00876DD0 /* Build configuration list for PBXProject "airunning" */ = {
			isa = XCConfigurationList;
			buildConfigurations = (
				29564FDD2CA8873000876DD0 /* Debug */,
				29564FDE2CA8873000876DD0 /* Release */,
			);
			defaultConfigurationIsVisible = 0;
			defaultConfigurationName = Release;
		};
		29564FDF2CA8873000876DD0 /* Build configuration list for PBXNativeTarget "airunning" */ = {
			isa = XCConfigurationList;
			buildConfigurations = (
				29564FE02CA8873000876DD0 /* Debug */,
				29564FE12CA8873000876DD0 /* Release */,
			);
			defaultConfigurationIsVisible = 0;
			defaultConfigurationName = Release;
		};
		29564FE22CA8873000876DD0 /* Build configuration list for PBXNativeTarget "airunningTests" */ = {
			isa = XCConfigurationList;
			buildConfigurations = (
				29564FE32CA8873000876DD0 /* Debug */,
				29564FE42CA8873000876DD0 /* Release */,
			);
			defaultConfigurationIsVisible = 0;
			defaultConfigurationName = Release;
		};
		29564FE52CA8873000876DD0 /* Build configuration list for PBXNativeTarget "airunningUITests" */ = {
			isa = XCConfigurationList;
			buildConfigurations = (
				29564FE62CA8873000876DD0 /* Debug */,
				29564FE72CA8873000876DD0 /* Release */,
			);
			defaultConfigurationIsVisible = 0;
			defaultConfigurationName = Release;
		};
/* End XCConfigurationList section */
	};
	rootObject = 29564FB32CA8872E00876DD0 /* Project object */;
}
